
Microsoft Visual Studio Solution File, Format Version 12.00
# Visual Studio Version 16
VisualStudioVersion = 16.0.31624.102
MinimumVisualStudioVersion = 10.0.40219.1
Project("{FAE04EC0-301F-11D3-BF4B-00C04F79EFBC}") = "BowlingScore.UI", "BowlingScore.UI\BowlingScore.UI.csproj", "{D47446DE-E64A-4E56-B266-16200C11DFD6}"
EndProject
Project("{FAE04EC0-301F-11D3-BF4B-00C04F79EFBC}") = "BowlingScore.Core", "BowlingScore.Core\BowlingScore.Core.csproj", "{A2AAFAFB-E44B-494E-A76F-59B1C0DA6A3B}"
EndProject
Global
	GlobalSection(SolutionConfigurationPlatforms) = preSolution
		Debug|Any CPU = Debug|Any CPU
		Release|Any CPU = Release|Any CPU
	EndGlobalSection
	GlobalSection(ProjectConfigurationPlatforms) = postSolution
		{D47446DE-E64A-4E56-B266-16200C11DFD6}.Debug|Any CPU.ActiveCfg = Debug|Any CPU
		{D47446DE-E64A-4E56-B266-16200C11DFD6}.Debug|Any CPU.Build.0 = Debug|Any CPU
		{D47446DE-E64A-4E56-B266-16200C11DFD6}.Release|Any CPU.ActiveCfg = Release|Any CPU
		{D47446DE-E64A-4E56-B266-16200C11DFD6}.Release|Any CPU.Build.0 = Release|Any CPU
		{A2AAFAFB-E44B-494E-A76F-59B1C0DA6A3B}.Debug|Any CPU.ActiveCfg = Debug|Any CPU
		{A2AAFAFB-E44B-494E-A76F-59B1C0DA6A3B}.Debug|Any CPU.Build.0 = Debug|Any CPU
		{A2AAFAFB-E44B-494E-A76F-59B1C0DA6A3B}.Release|Any CPU.ActiveCfg = Release|Any CPU
		{A2AAFAFB-E44B-494E-A76F-59B1C0DA6A3B}.Release|Any CPU.Build.0 = Release|Any CPU
	EndGlobalSection
	GlobalSection(SolutionProperties) = preSolution
		HideSolutionNode = FALSE
	EndGlobalSection
	GlobalSection(ExtensibilityGlobals) = postSolution
		SolutionGuid = {EAD14CA8-7015-4A56-8C01-810470F8CF33}
	EndGlobalSection
EndGlobal
